
Microsoft Visual Studio Solution File, Format Version 12.00
# Visual Studio Version 17
VisualStudioVersion = 17.4.33213.308
MinimumVisualStudioVersion = 10.0.40219.1
Project("{FAE04EC0-301F-11D3-BF4B-00C04F79EFBC}") = "zad2vol2", "zad2vol2\zad2vol2.csproj", "{40F1C7A7-5767-42B6-A991-B4D405D28046}"
EndProject
Global
	GlobalSection(SolutionConfigurationPlatforms) = preSolution
		Debug|Any CPU = Debug|Any CPU
		Release|Any CPU = Release|Any CPU
	EndGlobalSection
	GlobalSection(ProjectConfigurationPlatforms) = postSolution
		{40F1C7A7-5767-42B6-A991-B4D405D28046}.Debug|Any CPU.ActiveCfg = Debug|Any CPU
		{40F1C7A7-5767-42B6-A991-B4D405D28046}.Debug|Any CPU.Build.0 = Debug|Any CPU
		{40F1C7A7-5767-42B6-A991-B4D405D28046}.Release|Any CPU.ActiveCfg = Release|Any CPU
		{40F1C7A7-5767-42B6-A991-B4D405D28046}.Release|Any CPU.Build.0 = Release|Any CPU
	EndGlobalSection
	GlobalSection(SolutionProperties) = preSolution
		HideSolutionNode = FALSE
	EndGlobalSection
	GlobalSection(ExtensibilityGlobals) = postSolution
		SolutionGuid = {E0964A48-B495-4288-AA05-FCE2ECDE1216}
	EndGlobalSection
EndGlobal
