
Microsoft Visual Studio Solution File, Format Version 12.00
# Visual Studio Version 17
VisualStudioVersion = 17.4.33213.308
MinimumVisualStudioVersion = 10.0.40219.1
Project("{FAE04EC0-301F-11D3-BF4B-00C04F79EFBC}") = "zad5", "zad5\zad5.csproj", "{C88207CA-4B50-469E-B7D7-145EB11DE06F}"
EndProject
Global
	GlobalSection(SolutionConfigurationPlatforms) = preSolution
		Debug|Any CPU = Debug|Any CPU
		Release|Any CPU = Release|Any CPU
	EndGlobalSection
	GlobalSection(ProjectConfigurationPlatforms) = postSolution
		{C88207CA-4B50-469E-B7D7-145EB11DE06F}.Debug|Any CPU.ActiveCfg = Debug|Any CPU
		{C88207CA-4B50-469E-B7D7-145EB11DE06F}.Debug|Any CPU.Build.0 = Debug|Any CPU
		{C88207CA-4B50-469E-B7D7-145EB11DE06F}.Release|Any CPU.ActiveCfg = Release|Any CPU
		{C88207CA-4B50-469E-B7D7-145EB11DE06F}.Release|Any CPU.Build.0 = Release|Any CPU
	EndGlobalSection
	GlobalSection(SolutionProperties) = preSolution
		HideSolutionNode = FALSE
	EndGlobalSection
	GlobalSection(ExtensibilityGlobals) = postSolution
		SolutionGuid = {EC043DDD-5B5B-4B17-A5CF-25F69592C660}
	EndGlobalSection
EndGlobal
